{
  "name": "alipay.diyou.com",
  "version": "1.0.0",
  "lockfileVersion": 1,
  "requires": true,
  "dependencies": {
    "@vue/devtools-api": {
      "version": "6.1.4",
      "resolved": "https://registry.npmmirror.com/@vue/devtools-api/-/devtools-api-6.1.4.tgz",
      "integrity": "sha512-IiA0SvDrJEgXvVxjNkHPFfDx6SXw0b/TUkqMcDZWNg9fnCAHbTpoo59YfJ9QLFkwa3raau5vSlRVzMSLDnfdtQ=="
    },
    "pinia": {
      "version": "2.0.14",
      "resolved": "https://registry.npmmirror.com/pinia/-/pinia-2.0.14.tgz",
      "integrity": "sha512-0nPuZR4TetT/WcLN+feMSjWJku3SQU7dBbXC6uw+R6FLQJCsg+/0pzXyD82T1FmAYe0lsx+jnEDQ1BLgkRKlxA==",
      "requires": {
        "@vue/devtools-api": "^6.1.4",
        "vue-demi": "*"
      }
    },
    "taro-plugin-pinia": {
      "version": "1.0.0",
      "resolved": "https://registry.npmmirror.com/taro-plugin-pinia/-/taro-plugin-pinia-1.0.0.tgz",
      "integrity": "sha512-Ip2LTRh7NGsFyEzkZWvU115xDqV3D8cRRbqqw0JKTvzHFBzpwycmrUVQQxV61AMg0r2RJm3mcEbQ997j7xNjtg=="
    },
    "vue-demi": {
      "version": "0.12.5",
      "resolved": "https://registry.npmmirror.com/vue-demi/-/vue-demi-0.12.5.tgz",
      "integrity": "sha512-BREuTgTYlUr0zw0EZn3hnhC3I6gPWv+Kwh4MCih6QcAeaTlaIX0DwOVN0wHej7hSvDPecz4jygy/idsgKfW58Q=="
    }
  }
}
